// !$*UTF8*$!
{
	archiveVersion = 1;
	classes = {
	};
	objectVersion = 46;
	objects = {

/* Begin PBXBuildFile section */
		613319C41F306A92008E210E /* SearchViewController.m in Sources */ = {isa = PBXBuildFile; fileRef = 613319C21F306A92008E210E /* SearchViewController.m */; };
		613319C51F306A92008E210E /* SearchViewController.xib in Resources */ = {isa = PBXBuildFile; fileRef = 613319C31F306A92008E210E /* SearchViewController.xib */; };
		613319C91F307B02008E210E /* SearchCell.m in Sources */ = {isa = PBXBuildFile; fileRef = 613319C71F307B02008E210E /* SearchCell.m */; };
		613319CA1F307B02008E210E /* SearchCell.xib in Resources */ = {isa = PBXBuildFile; fileRef = 613319C81F307B02008E210E /* SearchCell.xib */; };
		6176EAF61F22DFA50070F8B7 /* main.m in Sources */ = {isa = PBXBuildFile; fileRef = 6176EAF51F22DFA50070F8B7 /* main.m */; };
		6176EAF91F22DFA50070F8B7 /* AppDelegate.m in Sources */ = {isa = PBXBuildFile; fileRef = 6176EAF81F22DFA50070F8B7 /* AppDelegate.m */; };
		6176EAFC1F22DFA50070F8B7 /* ViewController.m in Sources */ = {isa = PBXBuildFile; fileRef = 6176EAFB1F22DFA50070F8B7 /* ViewController.m */; };
		6176EAFF1F22DFA50070F8B7 /* Main.storyboard in Resources */ = {isa = PBXBuildFile; fileRef = 6176EAFD1F22DFA50070F8B7 /* Main.storyboard */; };
		6176EB011F22DFA50070F8B7 /* Assets.xcassets in Resources */ = {isa = PBXBuildFile; fileRef = 6176EB001F22DFA50070F8B7 /* Assets.xcassets */; };
		6176EB041F22DFA50070F8B7 /* LaunchScreen.storyboard in Resources */ = {isa = PBXBuildFile; fileRef = 6176EB021F22DFA50070F8B7 /* LaunchScreen.storyboard */; };
		6176EB0F1F22DFA50070F8B7 /* DrawViewTests.m in Sources */ = {isa = PBXBuildFile; fileRef = 6176EB0E1F22DFA50070F8B7 /* DrawViewTests.m */; };
		6176EB1A1F22DFA50070F8B7 /* DrawViewUITests.m in Sources */ = {isa = PBXBuildFile; fileRef = 6176EB191F22DFA50070F8B7 /* DrawViewUITests.m */; };
		6176EB291F22E3C60070F8B7 /* DrawView.m in Sources */ = {isa = PBXBuildFile; fileRef = 6176EB281F22E3C60070F8B7 /* DrawView.m */; };
		6176EB2D1F22EE1E0070F8B7 /* BackViewController.m in Sources */ = {isa = PBXBuildFile; fileRef = 6176EB2B1F22EE1E0070F8B7 /* BackViewController.m */; };
		6176EB2E1F22EE1E0070F8B7 /* BackViewController.xib in Resources */ = {isa = PBXBuildFile; fileRef = 6176EB2C1F22EE1E0070F8B7 /* BackViewController.xib */; };
/* End PBXBuildFile section */

/* Begin PBXContainerItemProxy section */
		6176EB0B1F22DFA50070F8B7 /* PBXContainerItemProxy */ = {
			isa = PBXContainerItemProxy;
			containerPortal = 6176EAE91F22DFA50070F8B7 /* Project object */;
			proxyType = 1;
			remoteGlobalIDString = 6176EAF01F22DFA50070F8B7;
			remoteInfo = DrawView;
		};
		6176EB161F22DFA50070F8B7 /* PBXContainerItemProxy */ = {
			isa = PBXContainerItemProxy;
			containerPortal = 6176EAE91F22DFA50070F8B7 /* Project object */;
			proxyType = 1;
			remoteGlobalIDString = 6176EAF01F22DFA50070F8B7;
			remoteInfo = DrawView;
		};
/* End PBXContainerItemProxy section */

/* Begin PBXFileReference section */
		613319C11F306A92008E210E /* SearchViewController.h */ = {isa = PBXFileReference; fileEncoding = 4; lastKnownFileType = sourcecode.c.h; path = SearchViewController.h; sourceTree = "<group>"; };
		613319C21F306A92008E210E /* SearchViewController.m */ = {isa = PBXFileReference; fileEncoding = 4; lastKnownFileType = sourcecode.c.objc; path = SearchViewController.m; sourceTree = "<group>"; };
		613319C31F306A92008E210E /* SearchViewController.xib */ = {isa = PBXFileReference; fileEncoding = 4; lastKnownFileType = file.xib; path = SearchViewController.xib; sourceTree = "<group>"; };
		613319C61F307B02008E210E /* SearchCell.h */ = {isa = PBXFileReference; fileEncoding = 4; lastKnownFileType = sourcecode.c.h; path = SearchCell.h; sourceTree = "<group>"; };
		613319C71F307B02008E210E /* SearchCell.m */ = {isa = PBXFileReference; fileEncoding = 4; lastKnownFileType = sourcecode.c.objc; path = SearchCell.m; sourceTree = "<group>"; };
		613319C81F307B02008E210E /* SearchCell.xib */ = {isa = PBXFileReference; fileEncoding = 4; lastKnownFileType = file.xib; path = SearchCell.xib; sourceTree = "<group>"; };
		6176EAF11F22DFA50070F8B7 /* DrawView.app */ = {isa = PBXFileReference; explicitFileType = wrapper.application; includeInIndex = 0; path = DrawView.app; sourceTree = BUILT_PRODUCTS_DIR; };
		6176EAF51F22DFA50070F8B7 /* main.m */ = {isa = PBXFileReference; lastKnownFileType = sourcecode.c.objc; path = main.m; sourceTree = "<group>"; };
		6176EAF71F22DFA50070F8B7 /* AppDelegate.h */ = {isa = PBXFileReference; lastKnownFileType = sourcecode.c.h; path = AppDelegate.h; sourceTree = "<group>"; };
		6176EAF81F22DFA50070F8B7 /* AppDelegate.m */ = {isa = PBXFileReference; lastKnownFileType = sourcecode.c.objc; path = AppDelegate.m; sourceTree = "<group>"; };
		6176EAFA1F22DFA50070F8B7 /* ViewController.h */ = {isa = PBXFileReference; lastKnownFileType = sourcecode.c.h; path = ViewController.h; sourceTree = "<group>"; };
		6176EAFB1F22DFA50070F8B7 /* ViewController.m */ = {isa = PBXFileReference; lastKnownFileType = sourcecode.c.objc; path = ViewController.m; sourceTree = "<group>"; };
		6176EAFE1F22DFA50070F8B7 /* Base */ = {isa = PBXFileReference; lastKnownFileType = file.storyboard; name = Base; path = Base.lproj/Main.storyboard; sourceTree = "<group>"; };
		6176EB001F22DFA50070F8B7 /* Assets.xcassets */ = {isa = PBXFileReference; lastKnownFileType = folder.assetcatalog; path = Assets.xcassets; sourceTree = "<group>"; };
		6176EB031F22DFA50070F8B7 /* Base */ = {isa = PBXFileReference; lastKnownFileType = file.storyboard; name = Base; path = Base.lproj/LaunchScreen.storyboard; sourceTree = "<group>"; };
		6176EB051F22DFA50070F8B7 /* Info.plist */ = {isa = PBXFileReference; lastKnownFileType = text.plist.xml; path = Info.plist; sourceTree = "<group>"; };
		6176EB0A1F22DFA50070F8B7 /* DrawViewTests.xctest */ = {isa = PBXFileReference; explicitFileType = wrapper.cfbundle; includeInIndex = 0; path = DrawViewTests.xctest; sourceTree = BUILT_PRODUCTS_DIR; };
		6176EB0E1F22DFA50070F8B7 /* DrawViewTests.m */ = {isa = PBXFileReference; lastKnownFileType = sourcecode.c.objc; path = DrawViewTests.m; sourceTree = "<group>"; };
		6176EB101F22DFA50070F8B7 /* Info.plist */ = {isa = PBXFileReference; lastKnownFileType = text.plist.xml; path = Info.plist; sourceTree = "<group>"; };
		6176EB151F22DFA50070F8B7 /* DrawViewUITests.xctest */ = {isa = PBXFileReference; explicitFileType = wrapper.cfbundle; includeInIndex = 0; path = DrawViewUITests.xctest; sourceTree = BUILT_PRODUCTS_DIR; };
		6176EB191F22DFA50070F8B7 /* DrawViewUITests.m */ = {isa = PBXFileReference; lastKnownFileType = sourcecode.c.objc; path = DrawViewUITests.m; sourceTree = "<group>"; };
		6176EB1B1F22DFA50070F8B7 /* Info.plist */ = {isa = PBXFileReference; lastKnownFileType = text.plist.xml; path = Info.plist; sourceTree = "<group>"; };
		6176EB271F22E3C60070F8B7 /* DrawView.h */ = {isa = PBXFileReference; fileEncoding = 4; lastKnownFileType = sourcecode.c.h; path = DrawView.h; sourceTree = "<group>"; };
		6176EB281F22E3C60070F8B7 /* DrawView.m */ = {isa = PBXFileReference; fileEncoding = 4; lastKnownFileType = sourcecode.c.objc; path = DrawView.m; sourceTree = "<group>"; };
		6176EB2A1F22EE1E0070F8B7 /* BackViewController.h */ = {isa = PBXFileReference; fileEncoding = 4; lastKnownFileType = sourcecode.c.h; path = BackViewController.h; sourceTree = "<group>"; };
		6176EB2B1F22EE1E0070F8B7 /* BackViewController.m */ = {isa = PBXFileReference; fileEncoding = 4; lastKnownFileType = sourcecode.c.objc; path = BackViewController.m; sourceTree = "<group>"; };
		6176EB2C1F22EE1E0070F8B7 /* BackViewController.xib */ = {isa = PBXFileReference; fileEncoding = 4; lastKnownFileType = file.xib; path = BackViewController.xib; sourceTree = "<group>"; };
/* End PBXFileReference section */

/* Begin PBXFrameworksBuildPhase section */
		6176EAEE1F22DFA50070F8B7 /* Frameworks */ = {
			isa = PBXFrameworksBuildPhase;
			buildActionMask = 2147483647;
			files = (
			);
			runOnlyForDeploymentPostprocessing = 0;
		};
		6176EB071F22DFA50070F8B7 /* Frameworks */ = {
			isa = PBXFrameworksBuildPhase;
			buildActionMask = 2147483647;
			files = (
			);
			runOnlyForDeploymentPostprocessing = 0;
		};
		6176EB121F22DFA50070F8B7 /* Frameworks */ = {
			isa = PBXFrameworksBuildPhase;
			buildActionMask = 2147483647;
			files = (
			);
			runOnlyForDeploymentPostprocessing = 0;
		};
/* End PBXFrameworksBuildPhase section */

/* Begin PBXGroup section */
		6176EAE81F22DFA50070F8B7 = {
			isa = PBXGroup;
			children = (
				6176EAF31F22DFA50070F8B7 /* DrawView */,
				6176EB0D1F22DFA50070F8B7 /* DrawViewTests */,
				6176EB181F22DFA50070F8B7 /* DrawViewUITests */,
				6176EAF21F22DFA50070F8B7 /* Products */,
			);
			sourceTree = "<group>";
		};
		6176EAF21F22DFA50070F8B7 /* Products */ = {
			isa = PBXGroup;
			children = (
				6176EAF11F22DFA50070F8B7 /* DrawView.app */,
				6176EB0A1F22DFA50070F8B7 /* DrawViewTests.xctest */,
				6176EB151F22DFA50070F8B7 /* DrawViewUITests.xctest */,
			);
			name = Products;
			sourceTree = "<group>";
		};
		6176EAF31F22DFA50070F8B7 /* DrawView */ = {
			isa = PBXGroup;
			children = (
				6176EAF71F22DFA50070F8B7 /* AppDelegate.h */,
				6176EAF81F22DFA50070F8B7 /* AppDelegate.m */,
				6176EAFA1F22DFA50070F8B7 /* ViewController.h */,
				6176EAFB1F22DFA50070F8B7 /* ViewController.m */,
				6176EB2A1F22EE1E0070F8B7 /* BackViewController.h */,
				6176EB2B1F22EE1E0070F8B7 /* BackViewController.m */,
				6176EB2C1F22EE1E0070F8B7 /* BackViewController.xib */,
				613319C11F306A92008E210E /* SearchViewController.h */,
				613319C21F306A92008E210E /* SearchViewController.m */,
				613319C31F306A92008E210E /* SearchViewController.xib */,
				613319C61F307B02008E210E /* SearchCell.h */,
				613319C71F307B02008E210E /* SearchCell.m */,
				613319C81F307B02008E210E /* SearchCell.xib */,
				6176EB271F22E3C60070F8B7 /* DrawView.h */,
				6176EB281F22E3C60070F8B7 /* DrawView.m */,
				6176EAFD1F22DFA50070F8B7 /* Main.storyboard */,
				6176EB001F22DFA50070F8B7 /* Assets.xcassets */,
				6176EB021F22DFA50070F8B7 /* LaunchScreen.storyboard */,
				6176EB051F22DFA50070F8B7 /* Info.plist */,
				6176EAF41F22DFA50070F8B7 /* Supporting Files */,
			);
			path = DrawView;
			sourceTree = "<group>";
		};
		6176EAF41F22DFA50070F8B7 /* Supporting Files */ = {
			isa = PBXGroup;
			children = (
				6176EAF51F22DFA50070F8B7 /* main.m */,
			);
			name = "Supporting Files";
			sourceTree = "<group>";
		};
		6176EB0D1F22DFA50070F8B7 /* DrawViewTests */ = {
			isa = PBXGroup;
			children = (
				6176EB0E1F22DFA50070F8B7 /* DrawViewTests.m */,
				6176EB101F22DFA50070F8B7 /* Info.plist */,
			);
			path = DrawViewTests;
			sourceTree = "<group>";
		};
		6176EB181F22DFA50070F8B7 /* DrawViewUITests */ = {
			isa = PBXGroup;
			children = (
				6176EB191F22DFA50070F8B7 /* DrawViewUITests.m */,
				6176EB1B1F22DFA50070F8B7 /* Info.plist */,
			);
			path = DrawViewUITests;
			sourceTree = "<group>";
		};
/* End PBXGroup section */

/* Begin PBXNativeTarget section */
		6176EAF01F22DFA50070F8B7 /* DrawView */ = {
			isa = PBXNativeTarget;
			buildConfigurationList = 6176EB1E1F22DFA50070F8B7 /* Build configuration list for PBXNativeTarget "DrawView" */;
			buildPhases = (
				6176EAED1F22DFA50070F8B7 /* Sources */,
				6176EAEE1F22DFA50070F8B7 /* Frameworks */,
				6176EAEF1F22DFA50070F8B7 /* Resources */,
			);
			buildRules = (
			);
			dependencies = (
			);
			name = DrawView;
			productName = DrawView;
			productReference = 6176EAF11F22DFA50070F8B7 /* DrawView.app */;
			productType = "com.apple.product-type.application";
		};
		6176EB091F22DFA50070F8B7 /* DrawViewTests */ = {
			isa = PBXNativeTarget;
			buildConfigurationList = 6176EB211F22DFA50070F8B7 /* Build configuration list for PBXNativeTarget "DrawViewTests" */;
			buildPhases = (
				6176EB061F22DFA50070F8B7 /* Sources */,
				6176EB071F22DFA50070F8B7 /* Frameworks */,
				6176EB081F22DFA50070F8B7 /* Resources */,
			);
			buildRules = (
			);
			dependencies = (
				6176EB0C1F22DFA50070F8B7 /* PBXTargetDependency */,
			);
			name = DrawViewTests;
			productName = DrawViewTests;
			productReference = 6176EB0A1F22DFA50070F8B7 /* DrawViewTests.xctest */;
			productType = "com.apple.product-type.bundle.unit-test";
		};
		6176EB141F22DFA50070F8B7 /* DrawViewUITests */ = {
			isa = PBXNativeTarget;
			buildConfigurationList = 6176EB241F22DFA50070F8B7 /* Build configuration list for PBXNativeTarget "DrawViewUITests" */;
			buildPhases = (
				6176EB111F22DFA50070F8B7 /* Sources */,
				6176EB121F22DFA50070F8B7 /* Frameworks */,
				6176EB131F22DFA50070F8B7 /* Resources */,
			);
			buildRules = (
			);
			dependencies = (
				6176EB171F22DFA50070F8B7 /* PBXTargetDependency */,
			);
			name = DrawViewUITests;
			productName = DrawViewUITests;
			productReference = 6176EB151F22DFA50070F8B7 /* DrawViewUITests.xctest */;
			productType = "com.apple.product-type.bundle.ui-testing";
		};
/* End PBXNativeTarget section */

/* Begin PBXProject section */
		6176EAE91F22DFA50070F8B7 /* Project object */ = {
			isa = PBXProject;
			attributes = {
				LastUpgradeCheck = 0820;
				ORGANIZATIONNAME = DuKaiShun;
				TargetAttributes = {
					6176EAF01F22DFA50070F8B7 = {
						CreatedOnToolsVersion = 8.2.1;
						DevelopmentTeam = X42645MK9G;
						ProvisioningStyle = Automatic;
					};
					6176EB091F22DFA50070F8B7 = {
						CreatedOnToolsVersion = 8.2.1;
						DevelopmentTeam = X42645MK9G;
						ProvisioningStyle = Automatic;
						TestTargetID = 6176EAF01F22DFA50070F8B7;
					};
					6176EB141F22DFA50070F8B7 = {
						CreatedOnToolsVersion = 8.2.1;
						DevelopmentTeam = X42645MK9G;
						ProvisioningStyle = Automatic;
						TestTargetID = 6176EAF01F22DFA50070F8B7;
					};
				};
			};
			buildConfigurationList = 6176EAEC1F22DFA50070F8B7 /* Build configuration list for PBXProject "DrawView" */;
			compatibilityVersion = "Xcode 3.2";
			developmentRegion = English;
			hasScannedForEncodings = 0;
			knownRegions = (
				en,
				Base,
			);
			mainGroup = 6176EAE81F22DFA50070F8B7;
			productRefGroup = 6176EAF21F22DFA50070F8B7 /* Products */;
			projectDirPath = "";
			projectRoot = "";
			targets = (
				6176EAF01F22DFA50070F8B7 /* DrawView */,
				6176EB091F22DFA50070F8B7 /* DrawViewTests */,
				6176EB141F22DFA50070F8B7 /* DrawViewUITests */,
			);
		};
/* End PBXProject section */

/* Begin PBXResourcesBuildPhase section */
		6176EAEF1F22DFA50070F8B7 /* Resources */ = {
			isa = PBXResourcesBuildPhase;
			buildActionMask = 2147483647;
			files = (
				6176EB041F22DFA50070F8B7 /* LaunchScreen.storyboard in Resources */,
				6176EB011F22DFA50070F8B7 /* Assets.xcassets in Resources */,
				6176EAFF1F22DFA50070F8B7 /* Main.storyboard in Resources */,
				613319CA1F307B02008E210E /* SearchCell.xib in Resources */,
				613319C51F306A92008E210E /* SearchViewController.xib in Resources */,
				6176EB2E1F22EE1E0070F8B7 /* BackViewController.xib in Resources */,
			);
			runOnlyForDeploymentPostprocessing = 0;
		};
		6176EB081F22DFA50070F8B7 /* Resources */ = {
			isa = PBXResourcesBuildPhase;
			buildActionMask = 2147483647;
			files = (
			);
			runOnlyForDeploymentPostprocessing = 0;
		};
		6176EB131F22DFA50070F8B7 /* Resources */ = {
			isa = PBXResourcesBuildPhase;
			buildActionMask = 2147483647;
			files = (
			);
			runOnlyForDeploymentPostprocessing = 0;
		};
/* End PBXResourcesBuildPhase section */

/* Begin PBXSourcesBuildPhase section */
		6176EAED1F22DFA50070F8B7 /* Sources */ = {
			isa = PBXSourcesBuildPhase;
			buildActionMask = 2147483647;
			files = (
				6176EAFC1F22DFA50070F8B7 /* ViewController.m in Sources */,
				6176EAF91F22DFA50070F8B7 /* AppDelegate.m in Sources */,
				6176EB2D1F22EE1E0070F8B7 /* BackViewController.m in Sources */,
				613319C91F307B02008E210E /* SearchCell.m in Sources */,
				6176EB291F22E3C60070F8B7 /* DrawView.m in Sources */,
				613319C41F306A92008E210E /* SearchViewController.m in Sources */,
				6176EAF61F22DFA50070F8B7 /* main.m in Sources */,
			);
			runOnlyForDeploymentPostprocessing = 0;
		};
		6176EB061F22DFA50070F8B7 /* Sources */ = {
			isa = PBXSourcesBuildPhase;
			buildActionMask = 2147483647;
			files = (
				6176EB0F1F22DFA50070F8B7 /* DrawViewTests.m in Sources */,
			);
			runOnlyForDeploymentPostprocessing = 0;
		};
		6176EB111F22DFA50070F8B7 /* Sources */ = {
			isa = PBXSourcesBuildPhase;
			buildActionMask = 2147483647;
			files = (
				6176EB1A1F22DFA50070F8B7 /* DrawViewUITests.m in Sources */,
			);
			runOnlyForDeploymentPostprocessing = 0;
		};
/* End PBXSourcesBuildPhase section */

/* Begin PBXTargetDependency section */
		6176EB0C1F22DFA50070F8B7 /* PBXTargetDependency */ = {
			isa = PBXTargetDependency;
			target = 6176EAF01F22DFA50070F8B7 /* DrawView */;
			targetProxy = 6176EB0B1F22DFA50070F8B7 /* PBXContainerItemProxy */;
		};
		6176EB171F22DFA50070F8B7 /* PBXTargetDependency */ = {
			isa = PBXTargetDependency;
			target = 6176EAF01F22DFA50070F8B7 /* DrawView */;
			targetProxy = 6176EB161F22DFA50070F8B7 /* PBXContainerItemProxy */;
		};
/* End PBXTargetDependency section */

/* Begin PBXVariantGroup section */
		6176EAFD1F22DFA50070F8B7 /* Main.storyboard */ = {
			isa = PBXVariantGroup;
			children = (
				6176EAFE1F22DFA50070F8B7 /* Base */,
			);
			name = Main.storyboard;
			sourceTree = "<group>";
		};
		6176EB021F22DFA50070F8B7 /* LaunchScreen.storyboard */ = {
			isa = PBXVariantGroup;
			children = (
				6176EB031F22DFA50070F8B7 /* Base */,
			);
			name = LaunchScreen.storyboard;
			sourceTree = "<group>";
		};
/* End PBXVariantGroup section */

/* Begin XCBuildConfiguration section */
		6176EB1C1F22DFA50070F8B7 /* Debug */ = {
			isa = XCBuildConfiguration;
			buildSettings = {
				ALWAYS_SEARCH_USER_PATHS = NO;
				CLANG_ANALYZER_NONNULL = YES;
				CLANG_CXX_LANGUAGE_STANDARD = "gnu++0x";
				CLANG_CXX_LIBRARY = "libc++";
				CLANG_ENABLE_MODULES = YES;
				CLANG_ENABLE_OBJC_ARC = YES;
				CLANG_WARN_BOOL_CONVERSION = YES;
				CLANG_WARN_CONSTANT_CONVERSION = YES;
				CLANG_WARN_DIRECT_OBJC_ISA_USAGE = YES_ERROR;
				CLANG_WARN_DOCUMENTATION_COMMENTS = YES;
				CLANG_WARN_EMPTY_BODY = YES;
				CLANG_WARN_ENUM_CONVERSION = YES;
				CLANG_WARN_INFINITE_RECURSION = YES;
				CLANG_WARN_INT_CONVERSION = YES;
				CLANG_WARN_OBJC_ROOT_CLASS = YES_ERROR;
				CLANG_WARN_SUSPICIOUS_MOVE = YES;
				CLANG_WARN_UNREACHABLE_CODE = YES;
				CLANG_WARN__DUPLICATE_METHOD_MATCH = YES;
				"CODE_SIGN_IDENTITY[sdk=iphoneos*]" = "iPhone Developer";
				COPY_PHASE_STRIP = NO;
				DEBUG_INFORMATION_FORMAT = dwarf;
				ENABLE_STRICT_OBJC_MSGSEND = YES;
				ENABLE_TESTABILITY = YES;
				GCC_C_LANGUAGE_STANDARD = gnu99;
				GCC_DYNAMIC_NO_PIC = NO;
				GCC_NO_COMMON_BLOCKS = YES;
				GCC_OPTIMIZATION_LEVEL = 0;
				GCC_PREPROCESSOR_DEFINITIONS = (
					"DEBUG=1",
					"$(inherited)",
				);
				GCC_WARN_64_TO_32_BIT_CONVERSION = YES;
				GCC_WARN_ABOUT_RETURN_TYPE = YES_ERROR;
				GCC_WARN_UNDECLARED_SELECTOR = YES;
				GCC_WARN_UNINITIALIZED_AUTOS = YES_AGGRESSIVE;
				GCC_WARN_UNUSED_FUNCTION = YES;
				GCC_WARN_UNUSED_VARIABLE = YES;
				IPHONEOS_DEPLOYMENT_TARGET = 10.2;
				MTL_ENABLE_DEBUG_INFO = YES;
				ONLY_ACTIVE_ARCH = YES;
				SDKROOT = iphoneos;
				TARGETED_DEVICE_FAMILY = "1,2";
			};
			name = Debug;
		};
		6176EB1D1F22DFA50070F8B7 /* Release */ = {
			isa = XCBuildConfiguration;
			buildSettings = {
				ALWAYS_SEARCH_USER_PATHS = NO;
				CLANG_ANALYZER_NONNULL = YES;
				CLANG_CXX_LANGUAGE_STANDARD = "gnu++0x";
				CLANG_CXX_LIBRARY = "libc++";
				CLANG_ENABLE_MODULES = YES;
				CLANG_ENABLE_OBJC_ARC = YES;
				CLANG_WARN_BOOL_CONVERSION = YES;
				CLANG_WARN_CONSTANT_CONVERSION = YES;
				CLANG_WARN_DIRECT_OBJC_ISA_USAGE = YES_ERROR;
				CLANG_WARN_DOCUMENTATION_COMMENTS = YES;
				CLANG_WARN_EMPTY_BODY = YES;
				CLANG_WARN_ENUM_CONVERSION = YES;
				CLANG_WARN_INFINITE_RECURSION = YES;
				CLANG_WARN_INT_CONVERSION = YES;
				CLANG_WARN_OBJC_ROOT_CLASS = YES_ERROR;
				CLANG_WARN_SUSPICIOUS_MOVE = YES;
				CLANG_WARN_UNREACHABLE_CODE = YES;
				CLANG_WARN__DUPLICATE_METHOD_MATCH = YES;
				"CODE_SIGN_IDENTITY[sdk=iphoneos*]" = "iPhone Developer";
				COPY_PHASE_STRIP = NO;
				DEBUG_INFORMATION_FORMAT = "dwarf-with-dsym";
				ENABLE_NS_ASSERTIONS = NO;
				ENABLE_STRICT_OBJC_MSGSEND = YES;
				GCC_C_LANGUAGE_STANDARD = gnu99;
				GCC_NO_COMMON_BLOCKS = YES;
				GCC_WARN_64_TO_32_BIT_CONVERSION = YES;
				GCC_WARN_ABOUT_RETURN_TYPE = YES_ERROR;
				GCC_WARN_UNDECLARED_SELECTOR = YES;
				GCC_WARN_UNINITIALIZED_AUTOS = YES_AGGRESSIVE;
				GCC_WARN_UNUSED_FUNCTION = YES;
				GCC_WARN_UNUSED_VARIABLE = YES;
				IPHONEOS_DEPLOYMENT_TARGET = 10.2;
				MTL_ENABLE_DEBUG_INFO = NO;
				SDKROOT = iphoneos;
				TARGETED_DEVICE_FAMILY = "1,2";
				VALIDATE_PRODUCT = YES;
			};
			name = Release;
		};
		6176EB1F1F22DFA50070F8B7 /* Debug */ = {
			isa = XCBuildConfiguration;
			buildSettings = {
				ASSETCATALOG_COMPILER_APPICON_NAME = AppIcon;
				DEVELOPMENT_TEAM = X42645MK9G;
				INFOPLIST_FILE = DrawView/Info.plist;
				IPHONEOS_DEPLOYMENT_TARGET = 8.0;
				LD_RUNPATH_SEARCH_PATHS = "$(inherited) @executable_path/Frameworks";
				PRODUCT_BUNDLE_IDENTIFIER = com.robooot.DrawView;
				PRODUCT_NAME = "$(TARGET_NAME)";
			};
			name = Debug;
		};
		6176EB201F22DFA50070F8B7 /* Release */ = {
			isa = XCBuildConfiguration;
			buildSettings = {
				ASSETCATALOG_COMPILER_APPICON_NAME = AppIcon;
				DEVELOPMENT_TEAM = X42645MK9G;
				INFOPLIST_FILE = DrawView/Info.plist;
				IPHONEOS_DEPLOYMENT_TARGET = 8.0;
				LD_RUNPATH_SEARCH_PATHS = "$(inherited) @executable_path/Frameworks";
				PRODUCT_BUNDLE_IDENTIFIER = com.robooot.DrawView;
				PRODUCT_NAME = "$(TARGET_NAME)";
			};
			name = Release;
		};
		6176EB221F22DFA50070F8B7 /* Debug */ = {
			isa = XCBuildConfiguration;
			buildSettings = {
				BUNDLE_LOADER = "$(TEST_HOST)";
				DEVELOPMENT_TEAM = X42645MK9G;
				INFOPLIST_FILE = DrawViewTests/Info.plist;
				LD_RUNPATH_SEARCH_PATHS = "$(inherited) @executable_path/Frameworks @loader_path/Frameworks";
				PRODUCT_BUNDLE_IDENTIFIER = com.robooot.DrawViewTests;
				PRODUCT_NAME = "$(TARGET_NAME)";
				TEST_HOST = "$(BUILT_PRODUCTS_DIR)/DrawView.app/DrawView";
			};
			name = Debug;
		};
		6176EB231F22DFA50070F8B7 /* Release */ = {
			isa = XCBuildConfiguration;
			buildSettings = {
				BUNDLE_LOADER = "$(TEST_HOST)";
				DEVELOPMENT_TEAM = X42645MK9G;
				INFOPLIST_FILE = DrawViewTests/Info.plist;
				LD_RUNPATH_SEARCH_PATHS = "$(inherited) @executable_path/Frameworks @loader_path/Frameworks";
				PRODUCT_BUNDLE_IDENTIFIER = com.robooot.DrawViewTests;
				PRODUCT_NAME = "$(TARGET_NAME)";
				TEST_HOST = "$(BUILT_PRODUCTS_DIR)/DrawView.app/DrawView";
			};
			name = Release;
		};
		6176EB251F22DFA50070F8B7 /* Debug */ = {
			isa = XCBuildConfiguration;
			buildSettings = {
				DEVELOPMENT_TEAM = X42645MK9G;
				INFOPLIST_FILE = DrawViewUITests/Info.plist;
				LD_RUNPATH_SEARCH_PATHS = "$(inherited) @executable_path/Frameworks @loader_path/Frameworks";
				PRODUCT_BUNDLE_IDENTIFIER = com.robooot.DrawViewUITests;
				PRODUCT_NAME = "$(TARGET_NAME)";
				TEST_TARGET_NAME = DrawView;
			};
			name = Debug;
		};
		6176EB261F22DFA50070F8B7 /* Release */ = {
			isa = XCBuildConfiguration;
			buildSettings = {
				DEVELOPMENT_TEAM = X42645MK9G;
				INFOPLIST_FILE = DrawViewUITests/Info.plist;
				LD_RUNPATH_SEARCH_PATHS = "$(inherited) @executable_path/Frameworks @loader_path/Frameworks";
				PRODUCT_BUNDLE_IDENTIFIER = com.robooot.DrawViewUITests;
				PRODUCT_NAME = "$(TARGET_NAME)";
				TEST_TARGET_NAME = DrawView;
			};
			name = Release;
		};
/* End XCBuildConfiguration section */

/* Begin XCConfigurationList section */
		6176EAEC1F22DFA50070F8B7 /* Build configuration list for PBXProject "DrawView" */ = {
			isa = XCConfigurationList;
			buildConfigurations = (
				6176EB1C1F22DFA50070F8B7 /* Debug */,
				6176EB1D1F22DFA50070F8B7 /* Release */,
			);
			defaultConfigurationIsVisible = 0;
			defaultConfigurationName = Release;
		};
		6176EB1E1F22DFA50070F8B7 /* Build configuration list for PBXNativeTarget "DrawView" */ = {
			isa = XCConfigurationList;
			buildConfigurations = (
				6176EB1F1F22DFA50070F8B7 /* Debug */,
				6176EB201F22DFA50070F8B7 /* Release */,
			);
			defaultConfigurationIsVisible = 0;
			defaultConfigurationName = Release;
		};
		6176EB211F22DFA50070F8B7 /* Build configuration list for PBXNativeTarget "DrawViewTests" */ = {
			isa = XCConfigurationList;
			buildConfigurations = (
				6176EB221F22DFA50070F8B7 /* Debug */,
				6176EB231F22DFA50070F8B7 /* Release */,
			);
			defaultConfigurationIsVisible = 0;
			defaultConfigurationName = Release;
		};
		6176EB241F22DFA50070F8B7 /* Build configuration list for PBXNativeTarget "DrawViewUITests" */ = {
			isa = XCConfigurationList;
			buildConfigurations = (
				6176EB251F22DFA50070F8B7 /* Debug */,
				6176EB261F22DFA50070F8B7 /* Release */,
			);
			defaultConfigurationIsVisible = 0;
			defaultConfigurationName = Release;
		};
/* End XCConfigurationList section */
	};
	rootObject = 6176EAE91F22DFA50070F8B7 /* Project object */;
}
